
Microsoft Visual Studio Solution File, Format Version 12.00
# Visual Studio Version 17
VisualStudioVersion = 17.14.36915.13 d17.14
MinimumVisualStudioVersion = 10.0.40219.1
Project("{FAE04EC0-301F-11D3-BF4B-00C04F79EFBC}") = "sport club", "sport club\sport club.csproj", "{A8B9FA78-DE06-4306-8C75-C09DC909FEF5}"
EndProject
Global
	GlobalSection(SolutionConfigurationPlatforms) = preSolution
		Debug|Any CPU = Debug|Any CPU
		Release|Any CPU = Release|Any CPU
	EndGlobalSection
	GlobalSection(ProjectConfigurationPlatforms) = postSolution
		{A8B9FA78-DE06-4306-8C75-C09DC909FEF5}.Debug|Any CPU.ActiveCfg = Debug|Any CPU
		{A8B9FA78-DE06-4306-8C75-C09DC909FEF5}.Debug|Any CPU.Build.0 = Debug|Any CPU
		{A8B9FA78-DE06-4306-8C75-C09DC909FEF5}.Release|Any CPU.ActiveCfg = Release|Any CPU
		{A8B9FA78-DE06-4306-8C75-C09DC909FEF5}.Release|Any CPU.Build.0 = Release|Any CPU
	EndGlobalSection
	GlobalSection(SolutionProperties) = preSolution
		HideSolutionNode = FALSE
	EndGlobalSection
	GlobalSection(ExtensibilityGlobals) = postSolution
		SolutionGuid = {2973AAB9-A1F8-4CA4-ABB2-E326B7A2977C}
	EndGlobalSection
EndGlobal
